
Microsoft Visual Studio Solution File, Format Version 12.00
# Visual Studio Version 17
VisualStudioVersion = 17.3.32929.385
MinimumVisualStudioVersion = 10.0.40219.1
Project("{FAE04EC0-301F-11D3-BF4B-00C04F79EFBC}") = "ApiControleDeTarefas", "ApiControleDeTarefas\ApiControleDeTarefas.csproj", "{8A865299-128E-4E2F-B438-D2BB7347E3EC}"
EndProject
Project("{FAE04EC0-301F-11D3-BF4B-00C04F79EFBC}") = "ApiControleDeTarefas.Domain", "ApiControleDeTarefas.Domain\ApiControleDeTarefas.Domain.csproj", "{EA6141A9-4A87-4379-B9EF-3BDD702D413C}"
EndProject
Project("{FAE04EC0-301F-11D3-BF4B-00C04F79EFBC}") = "ApiControleDeTarefas.Repositories", "ApiControleDeTarefas.Repositories\ApiControleDeTarefas.Repositories.csproj", "{C8C8179A-5881-4624-ADD2-422CBFC1F31A}"
EndProject
Project("{FAE04EC0-301F-11D3-BF4B-00C04F79EFBC}") = "ApiControleDeTarefas.Services", "ApiControleDeTarefas.Services\ApiControleDeTarefas.Services.csproj", "{C3096B3E-6A71-4369-918E-15567039C268}"
EndProject
Project("{FAE04EC0-301F-11D3-BF4B-00C04F79EFBC}") = "Ioc", "Ioc\Ioc.csproj", "{C39E8550-DE04-4BFC-AB67-6A1E95361023}"
EndProject
Global
	GlobalSection(SolutionConfigurationPlatforms) = preSolution
		Debug|Any CPU = Debug|Any CPU
		Release|Any CPU = Release|Any CPU
	EndGlobalSection
	GlobalSection(ProjectConfigurationPlatforms) = postSolution
		{8A865299-128E-4E2F-B438-D2BB7347E3EC}.Debug|Any CPU.ActiveCfg = Debug|Any CPU
		{8A865299-128E-4E2F-B438-D2BB7347E3EC}.Debug|Any CPU.Build.0 = Debug|Any CPU
		{8A865299-128E-4E2F-B438-D2BB7347E3EC}.Release|Any CPU.ActiveCfg = Release|Any CPU
		{8A865299-128E-4E2F-B438-D2BB7347E3EC}.Release|Any CPU.Build.0 = Release|Any CPU
		{EA6141A9-4A87-4379-B9EF-3BDD702D413C}.Debug|Any CPU.ActiveCfg = Debug|Any CPU
		{EA6141A9-4A87-4379-B9EF-3BDD702D413C}.Debug|Any CPU.Build.0 = Debug|Any CPU
		{EA6141A9-4A87-4379-B9EF-3BDD702D413C}.Release|Any CPU.ActiveCfg = Release|Any CPU
		{EA6141A9-4A87-4379-B9EF-3BDD702D413C}.Release|Any CPU.Build.0 = Release|Any CPU
		{C8C8179A-5881-4624-ADD2-422CBFC1F31A}.Debug|Any CPU.ActiveCfg = Debug|Any CPU
		{C8C8179A-5881-4624-ADD2-422CBFC1F31A}.Debug|Any CPU.Build.0 = Debug|Any CPU
		{C8C8179A-5881-4624-ADD2-422CBFC1F31A}.Release|Any CPU.ActiveCfg = Release|Any CPU
		{C8C8179A-5881-4624-ADD2-422CBFC1F31A}.Release|Any CPU.Build.0 = Release|Any CPU
		{C3096B3E-6A71-4369-918E-15567039C268}.Debug|Any CPU.ActiveCfg = Debug|Any CPU
		{C3096B3E-6A71-4369-918E-15567039C268}.Debug|Any CPU.Build.0 = Debug|Any CPU
		{C3096B3E-6A71-4369-918E-15567039C268}.Release|Any CPU.ActiveCfg = Release|Any CPU
		{C3096B3E-6A71-4369-918E-15567039C268}.Release|Any CPU.Build.0 = Release|Any CPU
		{C39E8550-DE04-4BFC-AB67-6A1E95361023}.Debug|Any CPU.ActiveCfg = Debug|Any CPU
		{C39E8550-DE04-4BFC-AB67-6A1E95361023}.Debug|Any CPU.Build.0 = Debug|Any CPU
		{C39E8550-DE04-4BFC-AB67-6A1E95361023}.Release|Any CPU.ActiveCfg = Release|Any CPU
		{C39E8550-DE04-4BFC-AB67-6A1E95361023}.Release|Any CPU.Build.0 = Release|Any CPU
	EndGlobalSection
	GlobalSection(SolutionProperties) = preSolution
		HideSolutionNode = FALSE
	EndGlobalSection
	GlobalSection(ExtensibilityGlobals) = postSolution
		SolutionGuid = {E5BE1CAF-7953-4FE8-A513-CE2C6FACD1CD}
	EndGlobalSection
EndGlobal
